
Microsoft Visual Studio Solution File, Format Version 10.00
# Visual Studio 2008
Project("{8BC9CEB8-8B4A-11D0-8D11-00A0C91BC942}") = "RegisterView", "RegisterView.vcproj", "{0E87C261-C9A2-4E76-952E-E252F588FC0F}"
EndProject
Global
	GlobalSection(SolutionConfigurationPlatforms) = preSolution
		Debug|Win32 = Debug|Win32
		Release|Win32 = Release|Win32
	EndGlobalSection
	GlobalSection(ProjectConfigurationPlatforms) = postSolution
		{0E87C261-C9A2-4E76-952E-E252F588FC0F}.Debug|Win32.ActiveCfg = Debug|Win32
		{0E87C261-C9A2-4E76-952E-E252F588FC0F}.Debug|Win32.Build.0 = Debug|Win32
		{0E87C261-C9A2-4E76-952E-E252F588FC0F}.Release|Win32.ActiveCfg = Release|Win32
		{0E87C261-C9A2-4E76-952E-E252F588FC0F}.Release|Win32.Build.0 = Release|Win32
	EndGlobalSection
	GlobalSection(SolutionProperties) = preSolution
		HideSolutionNode = FALSE
	EndGlobalSection
EndGlobal
